
Microsoft Visual Studio Solution File, Format Version 12.00
# Visual Studio 2013
VisualStudioVersion = 12.0.0.0
MinimumVisualStudioVersion = 10.0.0.1
Project("{FAE04EC0-301F-11D3-BF4B-00C04F79EFBC}") = "E1", "E1\E1.csproj", "{9A8728DF-79F5-40D8-ADCB-BE19CFEBBE8A}"
EndProject
Project("{FAE04EC0-301F-11D3-BF4B-00C04F79EFBC}") = "E2", "E2\E2.csproj", "{86BA77B4-4A66-42DB-A04E-57D078B5C66E}"
EndProject
Project("{FAE04EC0-301F-11D3-BF4B-00C04F79EFBC}") = "E3", "E3\E3.csproj", "{EA2E35DD-E498-4D46-8BEE-057BD5F75D9C}"
EndProject
Project("{FAE04EC0-301F-11D3-BF4B-00C04F79EFBC}") = "E4", "E4\E4.csproj", "{DFBA88A3-BFA4-4656-B483-E803E7A49084}"
EndProject
Global
	GlobalSection(SolutionConfigurationPlatforms) = preSolution
		Debug|Any CPU = Debug|Any CPU
		Release|Any CPU = Release|Any CPU
	EndGlobalSection
	GlobalSection(ProjectConfigurationPlatforms) = postSolution
		{9A8728DF-79F5-40D8-ADCB-BE19CFEBBE8A}.Debug|Any CPU.ActiveCfg = Debug|Any CPU
		{9A8728DF-79F5-40D8-ADCB-BE19CFEBBE8A}.Debug|Any CPU.Build.0 = Debug|Any CPU
		{9A8728DF-79F5-40D8-ADCB-BE19CFEBBE8A}.Release|Any CPU.ActiveCfg = Release|Any CPU
		{9A8728DF-79F5-40D8-ADCB-BE19CFEBBE8A}.Release|Any CPU.Build.0 = Release|Any CPU
		{86BA77B4-4A66-42DB-A04E-57D078B5C66E}.Debug|Any CPU.ActiveCfg = Debug|Any CPU
		{86BA77B4-4A66-42DB-A04E-57D078B5C66E}.Debug|Any CPU.Build.0 = Debug|Any CPU
		{86BA77B4-4A66-42DB-A04E-57D078B5C66E}.Release|Any CPU.ActiveCfg = Release|Any CPU
		{86BA77B4-4A66-42DB-A04E-57D078B5C66E}.Release|Any CPU.Build.0 = Release|Any CPU
		{EA2E35DD-E498-4D46-8BEE-057BD5F75D9C}.Debug|Any CPU.ActiveCfg = Debug|Any CPU
		{EA2E35DD-E498-4D46-8BEE-057BD5F75D9C}.Debug|Any CPU.Build.0 = Debug|Any CPU
		{EA2E35DD-E498-4D46-8BEE-057BD5F75D9C}.Release|Any CPU.ActiveCfg = Release|Any CPU
		{EA2E35DD-E498-4D46-8BEE-057BD5F75D9C}.Release|Any CPU.Build.0 = Release|Any CPU
		{DFBA88A3-BFA4-4656-B483-E803E7A49084}.Debug|Any CPU.ActiveCfg = Debug|Any CPU
		{DFBA88A3-BFA4-4656-B483-E803E7A49084}.Debug|Any CPU.Build.0 = Debug|Any CPU
		{DFBA88A3-BFA4-4656-B483-E803E7A49084}.Release|Any CPU.ActiveCfg = Release|Any CPU
		{DFBA88A3-BFA4-4656-B483-E803E7A49084}.Release|Any CPU.Build.0 = Release|Any CPU
	EndGlobalSection
	GlobalSection(SolutionProperties) = preSolution
		HideSolutionNode = FALSE
	EndGlobalSection
EndGlobal
