
Microsoft Visual Studio Solution File, Format Version 12.00
Project("{FAE04EC0-301F-11D3-BF4B-00C04F79EFBC}") = "E1", "E1\E1.csproj", "{B2481CC1-7416-4B3E-834A-92FE37A140D4}"
EndProject
Project("{FAE04EC0-301F-11D3-BF4B-00C04F79EFBC}") = "E2", "E2\E2.csproj", "{772241DA-79BE-432A-AE51-6FCD3A876A80}"
EndProject
Project("{FAE04EC0-301F-11D3-BF4B-00C04F79EFBC}") = "E3", "E3\E3.csproj", "{F5CBDB7D-E7C2-4D8D-A1A5-C8E32D95067E}"
EndProject
Project("{FAE04EC0-301F-11D3-BF4B-00C04F79EFBC}") = "E4", "E4\E4.csproj", "{31E54BDC-3358-4A5F-A4D5-2BF17986297B}"
EndProject
Global
	GlobalSection(SolutionConfigurationPlatforms) = preSolution
		Debug|Any CPU = Debug|Any CPU
		Release|Any CPU = Release|Any CPU
	EndGlobalSection
	GlobalSection(ProjectConfigurationPlatforms) = postSolution
		{B2481CC1-7416-4B3E-834A-92FE37A140D4}.Debug|Any CPU.ActiveCfg = Debug|Any CPU
		{B2481CC1-7416-4B3E-834A-92FE37A140D4}.Debug|Any CPU.Build.0 = Debug|Any CPU
		{B2481CC1-7416-4B3E-834A-92FE37A140D4}.Release|Any CPU.ActiveCfg = Release|Any CPU
		{B2481CC1-7416-4B3E-834A-92FE37A140D4}.Release|Any CPU.Build.0 = Release|Any CPU
		{772241DA-79BE-432A-AE51-6FCD3A876A80}.Debug|Any CPU.ActiveCfg = Debug|Any CPU
		{772241DA-79BE-432A-AE51-6FCD3A876A80}.Debug|Any CPU.Build.0 = Debug|Any CPU
		{772241DA-79BE-432A-AE51-6FCD3A876A80}.Release|Any CPU.ActiveCfg = Release|Any CPU
		{772241DA-79BE-432A-AE51-6FCD3A876A80}.Release|Any CPU.Build.0 = Release|Any CPU
		{F5CBDB7D-E7C2-4D8D-A1A5-C8E32D95067E}.Debug|Any CPU.ActiveCfg = Debug|Any CPU
		{F5CBDB7D-E7C2-4D8D-A1A5-C8E32D95067E}.Debug|Any CPU.Build.0 = Debug|Any CPU
		{F5CBDB7D-E7C2-4D8D-A1A5-C8E32D95067E}.Release|Any CPU.ActiveCfg = Release|Any CPU
		{F5CBDB7D-E7C2-4D8D-A1A5-C8E32D95067E}.Release|Any CPU.Build.0 = Release|Any CPU
		{31E54BDC-3358-4A5F-A4D5-2BF17986297B}.Debug|Any CPU.ActiveCfg = Debug|Any CPU
		{31E54BDC-3358-4A5F-A4D5-2BF17986297B}.Debug|Any CPU.Build.0 = Debug|Any CPU
		{31E54BDC-3358-4A5F-A4D5-2BF17986297B}.Release|Any CPU.ActiveCfg = Release|Any CPU
		{31E54BDC-3358-4A5F-A4D5-2BF17986297B}.Release|Any CPU.Build.0 = Release|Any CPU
	EndGlobalSection
EndGlobal
