
Microsoft Visual Studio Solution File, Format Version 12.00
# Visual Studio 15
VisualStudioVersion = 15.0.26228.4
MinimumVisualStudioVersion = 10.0.40219.1
Project("{FAE04EC0-301F-11D3-BF4B-00C04F79EFBC}") = "4.2", "4.2\4.2.csproj", "{66064BB8-2760-4D76-ADCD-F85DBA36682B}"
EndProject
Global
	GlobalSection(SolutionConfigurationPlatforms) = preSolution
		Debug|Any CPU = Debug|Any CPU
		Release|Any CPU = Release|Any CPU
	EndGlobalSection
	GlobalSection(ProjectConfigurationPlatforms) = postSolution
		{66064BB8-2760-4D76-ADCD-F85DBA36682B}.Debug|Any CPU.ActiveCfg = Debug|Any CPU
		{66064BB8-2760-4D76-ADCD-F85DBA36682B}.Debug|Any CPU.Build.0 = Debug|Any CPU
		{66064BB8-2760-4D76-ADCD-F85DBA36682B}.Release|Any CPU.ActiveCfg = Release|Any CPU
		{66064BB8-2760-4D76-ADCD-F85DBA36682B}.Release|Any CPU.Build.0 = Release|Any CPU
	EndGlobalSection
	GlobalSection(SolutionProperties) = preSolution
		HideSolutionNode = FALSE
	EndGlobalSection
EndGlobal
